golang.org/x/xerrors v0.0.0-20190510150013-5403a72a6aaf h1:46YZosxRq9YDy5kLloc61WBGDQ5byv6wcwMyDQNzOE8=
golang.org/x/xerrors v0.0.0-20190510150013-5403a72a6aaf/go.mod h1:I/5z698sn9Ka8TeJc9MKroUUfqBBauWjQqLJ2OPfmY0=
gopkg.in/ini.v1 v1.42.0 h1:7N3gPTt50s8GuLortA00n8AqRTk75qOP98+mTPpgzRk=
gopkg.in/ini.v1 v1.42.0/go.mod h1:pNLf8WUiyNEtQjuu5G5vTm06TEv9tsIgeAvK8hOrP4k=
